// !$*UTF8*$!
{
	archiveVersion = 1;
	classes = {
	};
	objectVersion = 46;
	objects = {

/* Begin PBXBuildFile section */
		AB382B0618444103009D25B0 /* Reachability.m in Sources */ = {isa = PBXBuildFile; fileRef = AB382B0518444103009D25B0 /* Reachability.m */; };
		AB720001183E52CC000920E5 /* InfoPlist.strings in Resources */ = {isa = PBXBuildFile; fileRef = AB72FFFF183E52CC000920E5 /* InfoPlist.strings */; };
		AB720003183E52CC000920E5 /* HoneyTests.m in Sources */ = {isa = PBXBuildFile; fileRef = AB720002183E52CC000920E5 /* HoneyTests.m */; };
		AB72FFDE183E52CC000920E5 /* Foundation.framework in Frameworks */ = {isa = PBXBuildFile; fileRef = AB72FFDD183E52CC000920E5 /* Foundation.framework */; };
		AB72FFE0183E52CC000920E5 /* CoreGraphics.framework in Frameworks */ = {isa = PBXBuildFile; fileRef = AB72FFDF183E52CC000920E5 /* CoreGraphics.framework */; };
		AB72FFE2183E52CC000920E5 /* UIKit.framework in Frameworks */ = {isa = PBXBuildFile; fileRef = AB72FFE1183E52CC000920E5 /* UIKit.framework */; };
		AB72FFE8183E52CC000920E5 /* InfoPlist.strings in Resources */ = {isa = PBXBuildFile; fileRef = AB72FFE6183E52CC000920E5 /* InfoPlist.strings */; };
		AB72FFEA183E52CC000920E5 /* main.m in Sources */ = {isa = PBXBuildFile; fileRef = AB72FFE9183E52CC000920E5 /* main.m */; };
		AB72FFEE183E52CC000920E5 /* AppDelegate.m in Sources */ = {isa = PBXBuildFile; fileRef = AB72FFED183E52CC000920E5 /* AppDelegate.m */; };
		AB72FFF0183E52CC000920E5 /* Images.xcassets in Resources */ = {isa = PBXBuildFile; fileRef = AB72FFEF183E52CC000920E5 /* Images.xcassets */; };
		AB72FFF7183E52CC000920E5 /* XCTest.framework in Frameworks */ = {isa = PBXBuildFile; fileRef = AB72FFF6183E52CC000920E5 /* XCTest.framework */; };
		AB72FFF8183E52CC000920E5 /* Foundation.framework in Frameworks */ = {isa = PBXBuildFile; fileRef = AB72FFDD183E52CC000920E5 /* Foundation.framework */; };
		AB72FFF9183E52CC000920E5 /* UIKit.framework in Frameworks */ = {isa = PBXBuildFile; fileRef = AB72FFE1183E52CC000920E5 /* UIKit.framework */; };
		AB9F87151841F69F00CC3FAF /* tap.aif in Resources */ = {isa = PBXBuildFile; fileRef = AB9F87141841F69F00CC3FAF /* tap.aif */; };
		AB9F87171841F6E900CC3FAF /* AudioToolbox.framework in Frameworks */ = {isa = PBXBuildFile; fileRef = AB9F87161841F6E900CC3FAF /* AudioToolbox.framework */; };
		AB9F871B1841F7D400CC3FAF /* SoundPlayManager.m in Sources */ = {isa = PBXBuildFile; fileRef = AB9F871A1841F7D400CC3FAF /* SoundPlayManager.m */; };
		AB9F873118423E3200CC3FAF /* login_avatar.png in Resources */ = {isa = PBXBuildFile; fileRef = AB9F872618423E3200CC3FAF /* login_avatar.png */; };
		AB9F873218423E3200CC3FAF /* login_avatar@2x.png in Resources */ = {isa = PBXBuildFile; fileRef = AB9F872718423E3200CC3FAF /* login_avatar@2x.png */; };
		AB9F873318423E3200CC3FAF /* login_dropdown_avatar_border.png in Resources */ = {isa = PBXBuildFile; fileRef = AB9F872818423E3200CC3FAF /* login_dropdown_avatar_border.png */; };
		AB9F873418423E3200CC3FAF /* login_dropdown_avatar_border@2x.png in Resources */ = {isa = PBXBuildFile; fileRef = AB9F872918423E3200CC3FAF /* login_dropdown_avatar_border@2x.png */; };
		AB9F873518423E3200CC3FAF /* login_textfield.png in Resources */ = {isa = PBXBuildFile; fileRef = AB9F872A18423E3200CC3FAF /* login_textfield.png */; };
		AB9F873618423E3200CC3FAF /* login_textfield@2x.png in Resources */ = {isa = PBXBuildFile; fileRef = AB9F872B18423E3200CC3FAF /* login_textfield@2x.png */; };
		AB9F873718423E3200CC3FAF /* login_textfield_more.png in Resources */ = {isa = PBXBuildFile; fileRef = AB9F872C18423E3200CC3FAF /* login_textfield_more.png */; };
		AB9F873818423E3200CC3FAF /* login_textfield_more@2x.png in Resources */ = {isa = PBXBuildFile; fileRef = AB9F872D18423E3200CC3FAF /* login_textfield_more@2x.png */; };
		AB9F873918423E3200CC3FAF /* login_textfield_more_flip.png in Resources */ = {isa = PBXBuildFile; fileRef = AB9F872E18423E3200CC3FAF /* login_textfield_more_flip.png */; };
		AB9F873A18423E3200CC3FAF /* login_textfield_more_flip@2x.png in Resources */ = {isa = PBXBuildFile; fileRef = AB9F872F18423E3200CC3FAF /* login_textfield_more_flip@2x.png */; };
		AB9F873B18423E3200CC3FAF /* Honey.png in Resources */ = {isa = PBXBuildFile; fileRef = AB9F873018423E3200CC3FAF /* Honey.png */; };
		ABA55B1B18438EB500CB2618 /* LoginViewController.m in Sources */ = {isa = PBXBuildFile; fileRef = ABA55B1918438EB500CB2618 /* LoginViewController.m */; };
		ABA55B1C18438EB500CB2618 /* LoginViewController.xib in Resources */ = {isa = PBXBuildFile; fileRef = ABA55B1A18438EB500CB2618 /* LoginViewController.xib */; };
/* End PBXBuildFile section */

/* Begin PBXContainerItemProxy section */
		AB72FFFA183E52CC000920E5 /* PBXContainerItemProxy */ = {
			isa = PBXContainerItemProxy;
			containerPortal = AB72FFD2183E52CC000920E5 /* Project object */;
			proxyType = 1;
			remoteGlobalIDString = AB72FFD9183E52CC000920E5;
			remoteInfo = Honey;
		};
/* End PBXContainerItemProxy section */

/* Begin PBXFileReference section */
		AB382B0418444103009D25B0 /* Reachability.h */ = {isa = PBXFileReference; fileEncoding = 4; lastKnownFileType = sourcecode.c.h; name = Reachability.h; path = NewWork/Reachability.h; sourceTree = "<group>"; };
		AB382B0518444103009D25B0 /* Reachability.m */ = {isa = PBXFileReference; fileEncoding = 4; lastKnownFileType = sourcecode.c.objc; name = Reachability.m; path = NewWork/Reachability.m; sourceTree = "<group>"; };
		AB720000183E52CC000920E5 /* en */ = {isa = PBXFileReference; lastKnownFileType = text.plist.strings; name = en; path = en.lproj/InfoPlist.strings; sourceTree = "<group>"; };
		AB720002183E52CC000920E5 /* HoneyTests.m */ = {isa = PBXFileReference; lastKnownFileType = sourcecode.c.objc; path = HoneyTests.m; sourceTree = "<group>"; };
		AB72FFDA183E52CC000920E5 /* Honey.app */ = {isa = PBXFileReference; explicitFileType = wrapper.application; includeInIndex = 0; path = Honey.app; sourceTree = BUILT_PRODUCTS_DIR; };
		AB72FFDD183E52CC000920E5 /* Foundation.framework */ = {isa = PBXFileReference; lastKnownFileType = wrapper.framework; name = Foundation.framework; path = System/Library/Frameworks/Foundation.framework; sourceTree = SDKROOT; };
		AB72FFDF183E52CC000920E5 /* CoreGraphics.framework */ = {isa = PBXFileReference; lastKnownFileType = wrapper.framework; name = CoreGraphics.framework; path = System/Library/Frameworks/CoreGraphics.framework; sourceTree = SDKROOT; };
		AB72FFE1183E52CC000920E5 /* UIKit.framework */ = {isa = PBXFileReference; lastKnownFileType = wrapper.framework; name = UIKit.framework; path = System/Library/Frameworks/UIKit.framework; sourceTree = SDKROOT; };
		AB72FFE5183E52CC000920E5 /* Honey-Info.plist */ = {isa = PBXFileReference; lastKnownFileType = text.plist.xml; path = "Honey-Info.plist"; sourceTree = "<group>"; };
		AB72FFE7183E52CC000920E5 /* en */ = {isa = PBXFileReference; lastKnownFileType = text.plist.strings; name = en; path = en.lproj/InfoPlist.strings; sourceTree = "<group>"; };
		AB72FFE9183E52CC000920E5 /* main.m */ = {isa = PBXFileReference; lastKnownFileType = sourcecode.c.objc; path = main.m; sourceTree = "<group>"; };
		AB72FFEB183E52CC000920E5 /* Honey-Prefix.pch */ = {isa = PBXFileReference; lastKnownFileType = sourcecode.c.h; path = "Honey-Prefix.pch"; sourceTree = "<group>"; };
		AB72FFEC183E52CC000920E5 /* AppDelegate.h */ = {isa = PBXFileReference; lastKnownFileType = sourcecode.c.h; path = AppDelegate.h; sourceTree = "<group>"; };
		AB72FFED183E52CC000920E5 /* AppDelegate.m */ = {isa = PBXFileReference; lastKnownFileType = sourcecode.c.objc; path = AppDelegate.m; sourceTree = "<group>"; };
		AB72FFEF183E52CC000920E5 /* Images.xcassets */ = {isa = PBXFileReference; lastKnownFileType = folder.assetcatalog; path = Images.xcassets; sourceTree = "<group>"; };
		AB72FFF5183E52CC000920E5 /* HoneyTests.xctest */ = {isa = PBXFileReference; explicitFileType = wrapper.cfbundle; includeInIndex = 0; path = HoneyTests.xctest; sourceTree = BUILT_PRODUCTS_DIR; };
		AB72FFF6183E52CC000920E5 /* XCTest.framework */ = {isa = PBXFileReference; lastKnownFileType = wrapper.framework; name = XCTest.framework; path = Library/Frameworks/XCTest.framework; sourceTree = DEVELOPER_DIR; };
		AB72FFFE183E52CC000920E5 /* HoneyTests-Info.plist */ = {isa = PBXFileReference; lastKnownFileType = text.plist.xml; path = "HoneyTests-Info.plist"; sourceTree = "<group>"; };
		AB9F87141841F69F00CC3FAF /* tap.aif */ = {isa = PBXFileReference; lastKnownFileType = file; path = tap.aif; sourceTree = "<group>"; };
		AB9F87161841F6E900CC3FAF /* AudioToolbox.framework */ = {isa = PBXFileReference; lastKnownFileType = wrapper.framework; name = AudioToolbox.framework; path = System/Library/Frameworks/AudioToolbox.framework; sourceTree = SDKROOT; };
		AB9F87191841F7D400CC3FAF /* SoundPlayManager.h */ = {isa = PBXFileReference; fileEncoding = 4; lastKnownFileType = sourcecode.c.h; name = SoundPlayManager.h; path = "音效/SoundPlayManager.h"; sourceTree = "<group>"; };
		AB9F871A1841F7D400CC3FAF /* SoundPlayManager.m */ = {isa = PBXFileReference; fileEncoding = 4; lastKnownFileType = sourcecode.c.objc; name = SoundPlayManager.m; path = "音效/SoundPlayManager.m"; sourceTree = "<group>"; };
		AB9F872618423E3200CC3FAF /* login_avatar.png */ = {isa = PBXFileReference; lastKnownFileType = image.png; path = login_avatar.png; sourceTree = "<group>"; };
		AB9F872718423E3200CC3FAF /* login_avatar@2x.png */ = {isa = PBXFileReference; lastKnownFileType = image.png; path = "login_avatar@2x.png"; sourceTree = "<group>"; };
		AB9F872818423E3200CC3FAF /* login_dropdown_avatar_border.png */ = {isa = PBXFileReference; lastKnownFileType = image.png; path = login_dropdown_avatar_border.png; sourceTree = "<group>"; };
		AB9F872918423E3200CC3FAF /* login_dropdown_avatar_border@2x.png */ = {isa = PBXFileReference; lastKnownFileType = image.png; path = "login_dropdown_avatar_border@2x.png"; sourceTree = "<group>"; };
		AB9F872A18423E3200CC3FAF /* login_textfield.png */ = {isa = PBXFileReference; lastKnownFileType = image.png; path = login_textfield.png; sourceTree = "<group>"; };
		AB9F872B18423E3200CC3FAF /* login_textfield@2x.png */ = {isa = PBXFileReference; lastKnownFileType = image.png; path = "login_textfield@2x.png"; sourceTree = "<group>"; };
		AB9F872C18423E3200CC3FAF /* login_textfield_more.png */ = {isa = PBXFileReference; lastKnownFileType = image.png; path = login_textfield_more.png; sourceTree = "<group>"; };
		AB9F872D18423E3200CC3FAF /* login_textfield_more@2x.png */ = {isa = PBXFileReference; lastKnownFileType = image.png; path = "login_textfield_more@2x.png"; sourceTree = "<group>"; };
		AB9F872E18423E3200CC3FAF /* login_textfield_more_flip.png */ = {isa = PBXFileReference; lastKnownFileType = image.png; path = login_textfield_more_flip.png; sourceTree = "<group>"; };
		AB9F872F18423E3200CC3FAF /* login_textfield_more_flip@2x.png */ = {isa = PBXFileReference; lastKnownFileType = image.png; path = "login_textfield_more_flip@2x.png"; sourceTree = "<group>"; };
		AB9F873018423E3200CC3FAF /* Honey.png */ = {isa = PBXFileReference; lastKnownFileType = image.png; path = Honey.png; sourceTree = "<group>"; };
		ABA55B1818438EB500CB2618 /* LoginViewController.h */ = {isa = PBXFileReference; fileEncoding = 4; lastKnownFileType = sourcecode.c.h; path = LoginViewController.h; sourceTree = "<group>"; };
		ABA55B1918438EB500CB2618 /* LoginViewController.m */ = {isa = PBXFileReference; fileEncoding = 4; lastKnownFileType = sourcecode.c.objc; path = LoginViewController.m; sourceTree = "<group>"; };
		ABA55B1A18438EB500CB2618 /* LoginViewController.xib */ = {isa = PBXFileReference; fileEncoding = 4; lastKnownFileType = file.xib; path = LoginViewController.xib; sourceTree = "<group>"; };
/* End PBXFileReference section */

/* Begin PBXFrameworksBuildPhase section */
		AB72FFD7183E52CC000920E5 /* Frameworks */ = {
			isa = PBXFrameworksBuildPhase;
			buildActionMask = 2147483647;
			files = (
				AB9F87171841F6E900CC3FAF /* AudioToolbox.framework in Frameworks */,
				AB72FFE0183E52CC000920E5 /* CoreGraphics.framework in Frameworks */,
				AB72FFE2183E52CC000920E5 /* UIKit.framework in Frameworks */,
				AB72FFDE183E52CC000920E5 /* Foundation.framework in Frameworks */,
			);
			runOnlyForDeploymentPostprocessing = 0;
		};
		AB72FFF2183E52CC000920E5 /* Frameworks */ = {
			isa = PBXFrameworksBuildPhase;
			buildActionMask = 2147483647;
			files = (
				AB72FFF7183E52CC000920E5 /* XCTest.framework in Frameworks */,
				AB72FFF9183E52CC000920E5 /* UIKit.framework in Frameworks */,
				AB72FFF8183E52CC000920E5 /* Foundation.framework in Frameworks */,
			);
			runOnlyForDeploymentPostprocessing = 0;
		};
/* End PBXFrameworksBuildPhase section */

/* Begin PBXGroup section */
		AB72FFD1183E52CC000920E5 = {
			isa = PBXGroup;
			children = (
				AB9F87051841EFA600CC3FAF /* Recources */,
				AB72FFE3183E52CC000920E5 /* Honey */,
				AB72FFFC183E52CC000920E5 /* HoneyTests */,
				AB72FFDC183E52CC000920E5 /* Frameworks */,
				AB72FFDB183E52CC000920E5 /* Products */,
			);
			sourceTree = "<group>";
		};
		AB72FFDB183E52CC000920E5 /* Products */ = {
			isa = PBXGroup;
			children = (
				AB72FFDA183E52CC000920E5 /* Honey.app */,
				AB72FFF5183E52CC000920E5 /* HoneyTests.xctest */,
			);
			name = Products;
			sourceTree = "<group>";
		};
		AB72FFDC183E52CC000920E5 /* Frameworks */ = {
			isa = PBXGroup;
			children = (
				AB9F87161841F6E900CC3FAF /* AudioToolbox.framework */,
				AB72FFDD183E52CC000920E5 /* Foundation.framework */,
				AB72FFDF183E52CC000920E5 /* CoreGraphics.framework */,
				AB72FFE1183E52CC000920E5 /* UIKit.framework */,
				AB72FFF6183E52CC000920E5 /* XCTest.framework */,
			);
			name = Frameworks;
			sourceTree = "<group>";
		};
		AB72FFE3183E52CC000920E5 /* Honey */ = {
			isa = PBXGroup;
			children = (
				AB382B0418444103009D25B0 /* Reachability.h */,
				AB382B0518444103009D25B0 /* Reachability.m */,
				AB9F87181841F78400CC3FAF /* 音效 */,
				AB72FFEC183E52CC000920E5 /* AppDelegate.h */,
				AB72FFED183E52CC000920E5 /* AppDelegate.m */,
				AB72FFEF183E52CC000920E5 /* Images.xcassets */,
				AB72FFE4183E52CC000920E5 /* Supporting Files */,
				ABA55B1818438EB500CB2618 /* LoginViewController.h */,
				ABA55B1918438EB500CB2618 /* LoginViewController.m */,
				ABA55B1A18438EB500CB2618 /* LoginViewController.xib */,
			);
			path = Honey;
			sourceTree = "<group>";
		};
		AB72FFE4183E52CC000920E5 /* Supporting Files */ = {
			isa = PBXGroup;
			children = (
				AB72FFE5183E52CC000920E5 /* Honey-Info.plist */,
				AB72FFE6183E52CC000920E5 /* InfoPlist.strings */,
				AB72FFE9183E52CC000920E5 /* main.m */,
				AB72FFEB183E52CC000920E5 /* Honey-Prefix.pch */,
			);
			name = "Supporting Files";
			sourceTree = "<group>";
		};
		AB72FFFC183E52CC000920E5 /* HoneyTests */ = {
			isa = PBXGroup;
			children = (
				AB720002183E52CC000920E5 /* HoneyTests.m */,
				AB72FFFD183E52CC000920E5 /* Supporting Files */,
			);
			path = HoneyTests;
			sourceTree = "<group>";
		};
		AB72FFFD183E52CC000920E5 /* Supporting Files */ = {
			isa = PBXGroup;
			children = (
				AB72FFFE183E52CC000920E5 /* HoneyTests-Info.plist */,
				AB72FFFF183E52CC000920E5 /* InfoPlist.strings */,
			);
			name = "Supporting Files";
			sourceTree = "<group>";
		};
		AB9F87051841EFA600CC3FAF /* Recources */ = {
			isa = PBXGroup;
			children = (
				AB9F87101841F66A00CC3FAF /* imags */,
				AB9F87111841F66A00CC3FAF /* sounds */,
			);
			name = Recources;
			path = Recourse;
			sourceTree = "<group>";
		};
		AB9F87101841F66A00CC3FAF /* imags */ = {
			isa = PBXGroup;
			children = (
				AB9F872518423E3200CC3FAF /* 登陆 */,
				AB9F873018423E3200CC3FAF /* Honey.png */,
			);
			path = imags;
			sourceTree = "<group>";
		};
		AB9F87111841F66A00CC3FAF /* sounds */ = {
			isa = PBXGroup;
			children = (
				AB9F87141841F69F00CC3FAF /* tap.aif */,
			);
			path = sounds;
			sourceTree = "<group>";
		};
		AB9F87181841F78400CC3FAF /* 音效 */ = {
			isa = PBXGroup;
			children = (
				AB9F87191841F7D400CC3FAF /* SoundPlayManager.h */,
				AB9F871A1841F7D400CC3FAF /* SoundPlayManager.m */,
			);
			name = "音效";
			sourceTree = "<group>";
		};
		AB9F872518423E3200CC3FAF /* 登陆 */ = {
			isa = PBXGroup;
			children = (
				AB9F872618423E3200CC3FAF /* login_avatar.png */,
				AB9F872718423E3200CC3FAF /* login_avatar@2x.png */,
				AB9F872818423E3200CC3FAF /* login_dropdown_avatar_border.png */,
				AB9F872918423E3200CC3FAF /* login_dropdown_avatar_border@2x.png */,
				AB9F872A18423E3200CC3FAF /* login_textfield.png */,
				AB9F872B18423E3200CC3FAF /* login_textfield@2x.png */,
				AB9F872C18423E3200CC3FAF /* login_textfield_more.png */,
				AB9F872D18423E3200CC3FAF /* login_textfield_more@2x.png */,
				AB9F872E18423E3200CC3FAF /* login_textfield_more_flip.png */,
				AB9F872F18423E3200CC3FAF /* login_textfield_more_flip@2x.png */,
			);
			path = "登陆";
			sourceTree = "<group>";
		};
/* End PBXGroup section */

/* Begin PBXNativeTarget section */
		AB72FFD9183E52CC000920E5 /* Honey */ = {
			isa = PBXNativeTarget;
			buildConfigurationList = AB720006183E52CC000920E5 /* Build configuration list for PBXNativeTarget "Honey" */;
			buildPhases = (
				AB72FFD6183E52CC000920E5 /* Sources */,
				AB72FFD7183E52CC000920E5 /* Frameworks */,
				AB72FFD8183E52CC000920E5 /* Resources */,
			);
			buildRules = (
			);
			dependencies = (
			);
			name = Honey;
			productName = Honey;
			productReference = AB72FFDA183E52CC000920E5 /* Honey.app */;
			productType = "com.apple.product-type.application";
		};
		AB72FFF4183E52CC000920E5 /* HoneyTests */ = {
			isa = PBXNativeTarget;
			buildConfigurationList = AB720009183E52CC000920E5 /* Build configuration list for PBXNativeTarget "HoneyTests" */;
			buildPhases = (
				AB72FFF1183E52CC000920E5 /* Sources */,
				AB72FFF2183E52CC000920E5 /* Frameworks */,
				AB72FFF3183E52CC000920E5 /* Resources */,
			);
			buildRules = (
			);
			dependencies = (
				AB72FFFB183E52CC000920E5 /* PBXTargetDependency */,
			);
			name = HoneyTests;
			productName = HoneyTests;
			productReference = AB72FFF5183E52CC000920E5 /* HoneyTests.xctest */;
			productType = "com.apple.product-type.bundle.unit-test";
		};
/* End PBXNativeTarget section */

/* Begin PBXProject section */
		AB72FFD2183E52CC000920E5 /* Project object */ = {
			isa = PBXProject;
			attributes = {
				LastUpgradeCheck = 0500;
				ORGANIZATIONNAME = "Daisy&Jack";
				TargetAttributes = {
					AB72FFF4183E52CC000920E5 = {
						TestTargetID = AB72FFD9183E52CC000920E5;
					};
				};
			};
			buildConfigurationList = AB72FFD5183E52CC000920E5 /* Build configuration list for PBXProject "Honey" */;
			compatibilityVersion = "Xcode 3.2";
			developmentRegion = English;
			hasScannedForEncodings = 0;
			knownRegions = (
				en,
			);
			mainGroup = AB72FFD1183E52CC000920E5;
			productRefGroup = AB72FFDB183E52CC000920E5 /* Products */;
			projectDirPath = "";
			projectRoot = "";
			targets = (
				AB72FFD9183E52CC000920E5 /* Honey */,
				AB72FFF4183E52CC000920E5 /* HoneyTests */,
			);
		};
/* End PBXProject section */

/* Begin PBXResourcesBuildPhase section */
		AB72FFD8183E52CC000920E5 /* Resources */ = {
			isa = PBXResourcesBuildPhase;
			buildActionMask = 2147483647;
			files = (
				AB9F873918423E3200CC3FAF /* login_textfield_more_flip.png in Resources */,
				AB9F873418423E3200CC3FAF /* login_dropdown_avatar_border@2x.png in Resources */,
				AB72FFE8183E52CC000920E5 /* InfoPlist.strings in Resources */,
				AB9F873518423E3200CC3FAF /* login_textfield.png in Resources */,
				AB9F873718423E3200CC3FAF /* login_textfield_more.png in Resources */,
				ABA55B1C18438EB500CB2618 /* LoginViewController.xib in Resources */,
				AB9F873218423E3200CC3FAF /* login_avatar@2x.png in Resources */,
				AB72FFF0183E52CC000920E5 /* Images.xcassets in Resources */,
				AB9F87151841F69F00CC3FAF /* tap.aif in Resources */,
				AB9F873118423E3200CC3FAF /* login_avatar.png in Resources */,
				AB9F873318423E3200CC3FAF /* login_dropdown_avatar_border.png in Resources */,
				AB9F873A18423E3200CC3FAF /* login_textfield_more_flip@2x.png in Resources */,
				AB9F873618423E3200CC3FAF /* login_textfield@2x.png in Resources */,
				AB9F873818423E3200CC3FAF /* login_textfield_more@2x.png in Resources */,
				AB9F873B18423E3200CC3FAF /* Honey.png in Resources */,
			);
			runOnlyForDeploymentPostprocessing = 0;
		};
		AB72FFF3183E52CC000920E5 /* Resources */ = {
			isa = PBXResourcesBuildPhase;
			buildActionMask = 2147483647;
			files = (
				AB720001183E52CC000920E5 /* InfoPlist.strings in Resources */,
			);
			runOnlyForDeploymentPostprocessing = 0;
		};
/* End PBXResourcesBuildPhase section */

/* Begin PBXSourcesBuildPhase section */
		AB72FFD6183E52CC000920E5 /* Sources */ = {
			isa = PBXSourcesBuildPhase;
			buildActionMask = 2147483647;
			files = (
				ABA55B1B18438EB500CB2618 /* LoginViewController.m in Sources */,
				AB72FFEE183E52CC000920E5 /* AppDelegate.m in Sources */,
				AB9F871B1841F7D400CC3FAF /* SoundPlayManager.m in Sources */,
				AB72FFEA183E52CC000920E5 /* main.m in Sources */,
				AB382B0618444103009D25B0 /* Reachability.m in Sources */,
			);
			runOnlyForDeploymentPostprocessing = 0;
		};
		AB72FFF1183E52CC000920E5 /* Sources */ = {
			isa = PBXSourcesBuildPhase;
			buildActionMask = 2147483647;
			files = (
				AB720003183E52CC000920E5 /* HoneyTests.m in Sources */,
			);
			runOnlyForDeploymentPostprocessing = 0;
		};
/* End PBXSourcesBuildPhase section */

/* Begin PBXTargetDependency section */
		AB72FFFB183E52CC000920E5 /* PBXTargetDependency */ = {
			isa = PBXTargetDependency;
			target = AB72FFD9183E52CC000920E5 /* Honey */;
			targetProxy = AB72FFFA183E52CC000920E5 /* PBXContainerItemProxy */;
		};
/* End PBXTargetDependency section */

/* Begin PBXVariantGroup section */
		AB72FFE6183E52CC000920E5 /* InfoPlist.strings */ = {
			isa = PBXVariantGroup;
			children = (
				AB72FFE7183E52CC000920E5 /* en */,
			);
			name = InfoPlist.strings;
			sourceTree = "<group>";
		};
		AB72FFFF183E52CC000920E5 /* InfoPlist.strings */ = {
			isa = PBXVariantGroup;
			children = (
				AB720000183E52CC000920E5 /* en */,
			);
			name = InfoPlist.strings;
			sourceTree = "<group>";
		};
/* End PBXVariantGroup section */

/* Begin XCBuildConfiguration section */
		AB720004183E52CC000920E5 /* Debug */ = {
			isa = XCBuildConfiguration;
			buildSettings = {
				ALWAYS_SEARCH_USER_PATHS = NO;
				ARCHS = "$(ARCHS_STANDARD_INCLUDING_64_BIT)";
				CLANG_CXX_LANGUAGE_STANDARD = "gnu++0x";
				CLANG_CXX_LIBRARY = "libc++";
				CLANG_ENABLE_MODULES = YES;
				CLANG_ENABLE_OBJC_ARC = YES;
				CLANG_WARN_BOOL_CONVERSION = YES;
				CLANG_WARN_CONSTANT_CONVERSION = YES;
				CLANG_WARN_DIRECT_OBJC_ISA_USAGE = YES_ERROR;
				CLANG_WARN_EMPTY_BODY = YES;
				CLANG_WARN_ENUM_CONVERSION = YES;
				CLANG_WARN_INT_CONVERSION = YES;
				CLANG_WARN_OBJC_ROOT_CLASS = YES_ERROR;
				CLANG_WARN__DUPLICATE_METHOD_MATCH = YES;
				"CODE_SIGN_IDENTITY[sdk=iphoneos*]" = "iPhone Developer";
				COPY_PHASE_STRIP = NO;
				GCC_C_LANGUAGE_STANDARD = gnu99;
				GCC_DYNAMIC_NO_PIC = NO;
				GCC_OPTIMIZATION_LEVEL = 0;
				GCC_PREPROCESSOR_DEFINITIONS = (
					"DEBUG=1",
					"$(inherited)",
				);
				GCC_SYMBOLS_PRIVATE_EXTERN = NO;
				GCC_WARN_64_TO_32_BIT_CONVERSION = YES;
				GCC_WARN_ABOUT_RETURN_TYPE = YES_ERROR;
				GCC_WARN_UNDECLARED_SELECTOR = YES;
				GCC_WARN_UNINITIALIZED_AUTOS = YES;
				GCC_WARN_UNUSED_FUNCTION = YES;
				GCC_WARN_UNUSED_VARIABLE = YES;
				IPHONEOS_DEPLOYMENT_TARGET = 7.0;
				ONLY_ACTIVE_ARCH = YES;
				SDKROOT = iphoneos;
			};
			name = Debug;
		};
		AB720005183E52CC000920E5 /* Release */ = {
			isa = XCBuildConfiguration;
			buildSettings = {
				ALWAYS_SEARCH_USER_PATHS = NO;
				ARCHS = "$(ARCHS_STANDARD_INCLUDING_64_BIT)";
				CLANG_CXX_LANGUAGE_STANDARD = "gnu++0x";
				CLANG_CXX_LIBRARY = "libc++";
				CLANG_ENABLE_MODULES = YES;
				CLANG_ENABLE_OBJC_ARC = YES;
				CLANG_WARN_BOOL_CONVERSION = YES;
				CLANG_WARN_CONSTANT_CONVERSION = YES;
				CLANG_WARN_DIRECT_OBJC_ISA_USAGE = YES_ERROR;
				CLANG_WARN_EMPTY_BODY = YES;
				CLANG_WARN_ENUM_CONVERSION = YES;
				CLANG_WARN_INT_CONVERSION = YES;
				CLANG_WARN_OBJC_ROOT_CLASS = YES_ERROR;
				CLANG_WARN__DUPLICATE_METHOD_MATCH = YES;
				"CODE_SIGN_IDENTITY[sdk=iphoneos*]" = "iPhone Developer";
				COPY_PHASE_STRIP = YES;
				ENABLE_NS_ASSERTIONS = NO;
				GCC_C_LANGUAGE_STANDARD = gnu99;
				GCC_WARN_64_TO_32_BIT_CONVERSION = YES;
				GCC_WARN_ABOUT_RETURN_TYPE = YES_ERROR;
				GCC_WARN_UNDECLARED_SELECTOR = YES;
				GCC_WARN_UNINITIALIZED_AUTOS = YES;
				GCC_WARN_UNUSED_FUNCTION = YES;
				GCC_WARN_UNUSED_VARIABLE = YES;
				IPHONEOS_DEPLOYMENT_TARGET = 7.0;
				SDKROOT = iphoneos;
				VALIDATE_PRODUCT = YES;
			};
			name = Release;
		};
		AB720007183E52CC000920E5 /* Debug */ = {
			isa = XCBuildConfiguration;
			buildSettings = {
				ASSETCATALOG_COMPILER_APPICON_NAME = AppIcon;
				ASSETCATALOG_COMPILER_LAUNCHIMAGE_NAME = LaunchImage;
				GCC_PRECOMPILE_PREFIX_HEADER = YES;
				GCC_PREFIX_HEADER = "Honey/Honey-Prefix.pch";
				INFOPLIST_FILE = "Honey/Honey-Info.plist";
				PRODUCT_NAME = "$(TARGET_NAME)";
				WRAPPER_EXTENSION = app;
			};
			name = Debug;
		};
		AB720008183E52CC000920E5 /* Release */ = {
			isa = XCBuildConfiguration;
			buildSettings = {
				ASSETCATALOG_COMPILER_APPICON_NAME = AppIcon;
				ASSETCATALOG_COMPILER_LAUNCHIMAGE_NAME = LaunchImage;
				GCC_PRECOMPILE_PREFIX_HEADER = YES;
				GCC_PREFIX_HEADER = "Honey/Honey-Prefix.pch";
				INFOPLIST_FILE = "Honey/Honey-Info.plist";
				PRODUCT_NAME = "$(TARGET_NAME)";
				WRAPPER_EXTENSION = app;
			};
			name = Release;
		};
		AB72000A183E52CC000920E5 /* Debug */ = {
			isa = XCBuildConfiguration;
			buildSettings = {
				ARCHS = "$(ARCHS_STANDARD_INCLUDING_64_BIT)";
				BUNDLE_LOADER = "$(BUILT_PRODUCTS_DIR)/Honey.app/Honey";
				FRAMEWORK_SEARCH_PATHS = (
					"$(SDKROOT)/Developer/Library/Frameworks",
					"$(inherited)",
					"$(DEVELOPER_FRAMEWORKS_DIR)",
				);
				GCC_PRECOMPILE_PREFIX_HEADER = YES;
				GCC_PREFIX_HEADER = "Honey/Honey-Prefix.pch";
				GCC_PREPROCESSOR_DEFINITIONS = (
					"DEBUG=1",
					"$(inherited)",
				);
				INFOPLIST_FILE = "HoneyTests/HoneyTests-Info.plist";
				PRODUCT_NAME = "$(TARGET_NAME)";
				TEST_HOST = "$(BUNDLE_LOADER)";
				WRAPPER_EXTENSION = xctest;
			};
			name = Debug;
		};
		AB72000B183E52CC000920E5 /* Release */ = {
			isa = XCBuildConfiguration;
			buildSettings = {
				ARCHS = "$(ARCHS_STANDARD_INCLUDING_64_BIT)";
				BUNDLE_LOADER = "$(BUILT_PRODUCTS_DIR)/Honey.app/Honey";
				FRAMEWORK_SEARCH_PATHS = (
					"$(SDKROOT)/Developer/Library/Frameworks",
					"$(inherited)",
					"$(DEVELOPER_FRAMEWORKS_DIR)",
				);
				GCC_PRECOMPILE_PREFIX_HEADER = YES;
				GCC_PREFIX_HEADER = "Honey/Honey-Prefix.pch";
				INFOPLIST_FILE = "HoneyTests/HoneyTests-Info.plist";
				PRODUCT_NAME = "$(TARGET_NAME)";
				TEST_HOST = "$(BUNDLE_LOADER)";
				WRAPPER_EXTENSION = xctest;
			};
			name = Release;
		};
/* End XCBuildConfiguration section */

/* Begin XCConfigurationList section */
		AB720006183E52CC000920E5 /* Build configuration list for PBXNativeTarget "Honey" */ = {
			isa = XCConfigurationList;
			buildConfigurations = (
				AB720007183E52CC000920E5 /* Debug */,
				AB720008183E52CC000920E5 /* Release */,
			);
			defaultConfigurationIsVisible = 0;
			defaultConfigurationName = Release;
		};
		AB720009183E52CC000920E5 /* Build configuration list for PBXNativeTarget "HoneyTests" */ = {
			isa = XCConfigurationList;
			buildConfigurations = (
				AB72000A183E52CC000920E5 /* Debug */,
				AB72000B183E52CC000920E5 /* Release */,
			);
			defaultConfigurationIsVisible = 0;
			defaultConfigurationName = Release;
		};
		AB72FFD5183E52CC000920E5 /* Build configuration list for PBXProject "Honey" */ = {
			isa = XCConfigurationList;
			buildConfigurations = (
				AB720004183E52CC000920E5 /* Debug */,
				AB720005183E52CC000920E5 /* Release */,
			);
			defaultConfigurationIsVisible = 0;
			defaultConfigurationName = Release;
		};
/* End XCConfigurationList section */
	};
	rootObject = AB72FFD2183E52CC000920E5 /* Project object */;
}
